
Microsoft Visual Studio Solution File, Format Version 12.00
# Visual Studio 15
VisualStudioVersion = 15.0.27130.2027
MinimumVisualStudioVersion = 10.0.40219.1
Project("{FAE04EC0-301F-11D3-BF4B-00C04F79EFBC}") = "Kinoman", "Kinoman\Kinoman.csproj", "{31D718C1-2D1B-4DF9-A7DA-5D215A0B3D93}"
EndProject
Project("{FAE04EC0-301F-11D3-BF4B-00C04F79EFBC}") = "Kinoman.UnitTests", "Kinoman.UnitTests\Kinoman.UnitTests.csproj", "{A6414E15-D5AB-450A-96A4-46BA5C2FA4D7}"
EndProject
Global
	GlobalSection(SolutionConfigurationPlatforms) = preSolution
		Debug|Any CPU = Debug|Any CPU
		Release|Any CPU = Release|Any CPU
	EndGlobalSection
	GlobalSection(ProjectConfigurationPlatforms) = postSolution
		{31D718C1-2D1B-4DF9-A7DA-5D215A0B3D93}.Debug|Any CPU.ActiveCfg = Debug|Any CPU
		{31D718C1-2D1B-4DF9-A7DA-5D215A0B3D93}.Debug|Any CPU.Build.0 = Debug|Any CPU
		{31D718C1-2D1B-4DF9-A7DA-5D215A0B3D93}.Release|Any CPU.ActiveCfg = Release|Any CPU
		{31D718C1-2D1B-4DF9-A7DA-5D215A0B3D93}.Release|Any CPU.Build.0 = Release|Any CPU
		{A6414E15-D5AB-450A-96A4-46BA5C2FA4D7}.Debug|Any CPU.ActiveCfg = Debug|Any CPU
		{A6414E15-D5AB-450A-96A4-46BA5C2FA4D7}.Debug|Any CPU.Build.0 = Debug|Any CPU
		{A6414E15-D5AB-450A-96A4-46BA5C2FA4D7}.Release|Any CPU.ActiveCfg = Release|Any CPU
		{A6414E15-D5AB-450A-96A4-46BA5C2FA4D7}.Release|Any CPU.Build.0 = Release|Any CPU
	EndGlobalSection
	GlobalSection(SolutionProperties) = preSolution
		HideSolutionNode = FALSE
	EndGlobalSection
	GlobalSection(ExtensibilityGlobals) = postSolution
		SolutionGuid = {EA5D9672-9780-4AF6-8E37-BD53AEF7624F}
	EndGlobalSection
EndGlobal
